
Microsoft Visual Studio Solution File, Format Version 12.00
# Visual Studio Version 16
VisualStudioVersion = 16.0.31321.278
MinimumVisualStudioVersion = 10.0.40219.1
Project("{FAE04EC0-301F-11D3-BF4B-00C04F79EFBC}") = "BusTicketReservationSystem.DomainModel", "BusTicketReservationSystem.DomainModel\BusTicketReservationSystem.DomainModel.csproj", "{855CFBA3-A979-40B5-9AC2-D6A127687368}"
EndProject
Project("{FAE04EC0-301F-11D3-BF4B-00C04F79EFBC}") = "BusTicketReservationSystem.DataAccessLayer", "BusTicketReservationSystem.DataAccessLayer\BusTicketReservationSystem.DataAccessLayer.csproj", "{DCAFD148-A1B6-4465-8D89-24C38B6F1074}"
EndProject
Project("{FAE04EC0-301F-11D3-BF4B-00C04F79EFBC}") = "BusTicketReservationSystem.RepositoryContract", "BusTicketReservationSystem.RepositoryContract\BusTicketReservationSystem.RepositoryContract.csproj", "{A02FED02-EDCD-4F15-88EA-D1EFC5085A32}"
EndProject
Project("{FAE04EC0-301F-11D3-BF4B-00C04F79EFBC}") = "BusTicketReservationSystem.RepositoryLayer", "BusTicketReservationSystem.RepositoryLayer\BusTicketReservationSystem.RepositoryLayer.csproj", "{55E91CCB-A9B9-41B1-9797-1E6951DADBE8}"
EndProject
Project("{FAE04EC0-301F-11D3-BF4B-00C04F79EFBC}") = "BusTicketReservationSystem", "BusTicketReservationSystem\BusTicketReservationSystem.csproj", "{F869C23A-4CD0-434B-88DB-F174B4E51C8B}"
EndProject
Global
	GlobalSection(SolutionConfigurationPlatforms) = preSolution
		Debug|Any CPU = Debug|Any CPU
		Release|Any CPU = Release|Any CPU
	EndGlobalSection
	GlobalSection(ProjectConfigurationPlatforms) = postSolution
		{855CFBA3-A979-40B5-9AC2-D6A127687368}.Debug|Any CPU.ActiveCfg = Debug|Any CPU
		{855CFBA3-A979-40B5-9AC2-D6A127687368}.Debug|Any CPU.Build.0 = Debug|Any CPU
		{855CFBA3-A979-40B5-9AC2-D6A127687368}.Release|Any CPU.ActiveCfg = Release|Any CPU
		{855CFBA3-A979-40B5-9AC2-D6A127687368}.Release|Any CPU.Build.0 = Release|Any CPU
		{DCAFD148-A1B6-4465-8D89-24C38B6F1074}.Debug|Any CPU.ActiveCfg = Debug|Any CPU
		{DCAFD148-A1B6-4465-8D89-24C38B6F1074}.Debug|Any CPU.Build.0 = Debug|Any CPU
		{DCAFD148-A1B6-4465-8D89-24C38B6F1074}.Release|Any CPU.ActiveCfg = Release|Any CPU
		{DCAFD148-A1B6-4465-8D89-24C38B6F1074}.Release|Any CPU.Build.0 = Release|Any CPU
		{A02FED02-EDCD-4F15-88EA-D1EFC5085A32}.Debug|Any CPU.ActiveCfg = Debug|Any CPU
		{A02FED02-EDCD-4F15-88EA-D1EFC5085A32}.Debug|Any CPU.Build.0 = Debug|Any CPU
		{A02FED02-EDCD-4F15-88EA-D1EFC5085A32}.Release|Any CPU.ActiveCfg = Release|Any CPU
		{A02FED02-EDCD-4F15-88EA-D1EFC5085A32}.Release|Any CPU.Build.0 = Release|Any CPU
		{55E91CCB-A9B9-41B1-9797-1E6951DADBE8}.Debug|Any CPU.ActiveCfg = Debug|Any CPU
		{55E91CCB-A9B9-41B1-9797-1E6951DADBE8}.Debug|Any CPU.Build.0 = Debug|Any CPU
		{55E91CCB-A9B9-41B1-9797-1E6951DADBE8}.Release|Any CPU.ActiveCfg = Release|Any CPU
		{55E91CCB-A9B9-41B1-9797-1E6951DADBE8}.Release|Any CPU.Build.0 = Release|Any CPU
		{F869C23A-4CD0-434B-88DB-F174B4E51C8B}.Debug|Any CPU.ActiveCfg = Debug|Any CPU
		{F869C23A-4CD0-434B-88DB-F174B4E51C8B}.Debug|Any CPU.Build.0 = Debug|Any CPU
		{F869C23A-4CD0-434B-88DB-F174B4E51C8B}.Release|Any CPU.ActiveCfg = Release|Any CPU
		{F869C23A-4CD0-434B-88DB-F174B4E51C8B}.Release|Any CPU.Build.0 = Release|Any CPU
	EndGlobalSection
	GlobalSection(SolutionProperties) = preSolution
		HideSolutionNode = FALSE
	EndGlobalSection
	GlobalSection(ExtensibilityGlobals) = postSolution
		SolutionGuid = {C56CCCF8-EA67-4B97-80DA-0EB3D9B71C61}
	EndGlobalSection
EndGlobal
